
Microsoft Visual Studio Solution File, Format Version 12.00
# Visual Studio Version 17
VisualStudioVersion = 17.5.33516.290
MinimumVisualStudioVersion = 10.0.40219.1
Project("{FAE04EC0-301F-11D3-BF4B-00C04F79EFBC}") = "CountriesAndRegionsApi", "CountriesAndRegionsApi\CountriesAndRegionsApi.csproj", "{5564BE6C-1773-4C3C-AF83-34E7F962412C}"
EndProject
Global
	GlobalSection(SolutionConfigurationPlatforms) = preSolution
		Debug|Any CPU = Debug|Any CPU
		Release|Any CPU = Release|Any CPU
	EndGlobalSection
	GlobalSection(ProjectConfigurationPlatforms) = postSolution
		{5564BE6C-1773-4C3C-AF83-34E7F962412C}.Debug|Any CPU.ActiveCfg = Debug|Any CPU
		{5564BE6C-1773-4C3C-AF83-34E7F962412C}.Debug|Any CPU.Build.0 = Debug|Any CPU
		{5564BE6C-1773-4C3C-AF83-34E7F962412C}.Release|Any CPU.ActiveCfg = Release|Any CPU
		{5564BE6C-1773-4C3C-AF83-34E7F962412C}.Release|Any CPU.Build.0 = Release|Any CPU
	EndGlobalSection
	GlobalSection(SolutionProperties) = preSolution
		HideSolutionNode = FALSE
	EndGlobalSection
	GlobalSection(ExtensibilityGlobals) = postSolution
		SolutionGuid = {2728E609-858E-466A-8F23-CAB28C837B92}
	EndGlobalSection
EndGlobal
